
Microsoft Visual Studio Solution File, Format Version 12.00
# Visual Studio Version 16
VisualStudioVersion = 16.0.31702.278
MinimumVisualStudioVersion = 10.0.40219.1
Project("{FAE04EC0-301F-11D3-BF4B-00C04F79EFBC}") = "OOP_Exam_Clintano", "OOP_Exam_Clintano\OOP_Exam_Clintano.csproj", "{2089E63D-F77F-4826-9987-0C29CEFEC329}"
EndProject
Global
	GlobalSection(SolutionConfigurationPlatforms) = preSolution
		Debug|Any CPU = Debug|Any CPU
		Release|Any CPU = Release|Any CPU
	EndGlobalSection
	GlobalSection(ProjectConfigurationPlatforms) = postSolution
		{2089E63D-F77F-4826-9987-0C29CEFEC329}.Debug|Any CPU.ActiveCfg = Debug|Any CPU
		{2089E63D-F77F-4826-9987-0C29CEFEC329}.Debug|Any CPU.Build.0 = Debug|Any CPU
		{2089E63D-F77F-4826-9987-0C29CEFEC329}.Release|Any CPU.ActiveCfg = Release|Any CPU
		{2089E63D-F77F-4826-9987-0C29CEFEC329}.Release|Any CPU.Build.0 = Release|Any CPU
	EndGlobalSection
	GlobalSection(SolutionProperties) = preSolution
		HideSolutionNode = FALSE
	EndGlobalSection
	GlobalSection(ExtensibilityGlobals) = postSolution
		SolutionGuid = {6E727D27-EFE3-460B-A980-3FBC3308D0AC}
	EndGlobalSection
EndGlobal
